
Microsoft Visual Studio Solution File, Format Version 12.00
# Visual Studio Version 17
VisualStudioVersion = 17.2.32630.192
MinimumVisualStudioVersion = 10.0.40219.1
Project("{9A19103F-16F7-4668-BE54-9A1E7A4F7556}") = "Server-gRPC", "Server-gRPC\Server-gRPC.csproj", "{30CC7CBD-2ABC-4920-8C85-DB1AC2C157C6}"
EndProject
Project("{9A19103F-16F7-4668-BE54-9A1E7A4F7556}") = "Client", "Client-exercise3\Client.csproj", "{DDC6BDCE-18CC-4BD1-8CDA-1E17816A33F9}"
EndProject
Global
	GlobalSection(SolutionConfigurationPlatforms) = preSolution
		Debug|Any CPU = Debug|Any CPU
		Debug|x64 = Debug|x64
		Debug|x86 = Debug|x86
		Release|Any CPU = Release|Any CPU
		Release|x64 = Release|x64
		Release|x86 = Release|x86
	EndGlobalSection
	GlobalSection(ProjectConfigurationPlatforms) = postSolution
		{30CC7CBD-2ABC-4920-8C85-DB1AC2C157C6}.Debug|Any CPU.ActiveCfg = Debug|Any CPU
		{30CC7CBD-2ABC-4920-8C85-DB1AC2C157C6}.Debug|Any CPU.Build.0 = Debug|Any CPU
		{30CC7CBD-2ABC-4920-8C85-DB1AC2C157C6}.Debug|x64.ActiveCfg = Debug|Any CPU
		{30CC7CBD-2ABC-4920-8C85-DB1AC2C157C6}.Debug|x64.Build.0 = Debug|Any CPU
		{30CC7CBD-2ABC-4920-8C85-DB1AC2C157C6}.Debug|x86.ActiveCfg = Debug|Any CPU
		{30CC7CBD-2ABC-4920-8C85-DB1AC2C157C6}.Debug|x86.Build.0 = Debug|Any CPU
		{30CC7CBD-2ABC-4920-8C85-DB1AC2C157C6}.Release|Any CPU.ActiveCfg = Release|Any CPU
		{30CC7CBD-2ABC-4920-8C85-DB1AC2C157C6}.Release|Any CPU.Build.0 = Release|Any CPU
		{30CC7CBD-2ABC-4920-8C85-DB1AC2C157C6}.Release|x64.ActiveCfg = Release|Any CPU
		{30CC7CBD-2ABC-4920-8C85-DB1AC2C157C6}.Release|x64.Build.0 = Release|Any CPU
		{30CC7CBD-2ABC-4920-8C85-DB1AC2C157C6}.Release|x86.ActiveCfg = Release|Any CPU
		{30CC7CBD-2ABC-4920-8C85-DB1AC2C157C6}.Release|x86.Build.0 = Release|Any CPU
		{DDC6BDCE-18CC-4BD1-8CDA-1E17816A33F9}.Debug|Any CPU.ActiveCfg = Debug|Any CPU
		{DDC6BDCE-18CC-4BD1-8CDA-1E17816A33F9}.Debug|Any CPU.Build.0 = Debug|Any CPU
		{DDC6BDCE-18CC-4BD1-8CDA-1E17816A33F9}.Debug|x64.ActiveCfg = Debug|Any CPU
		{DDC6BDCE-18CC-4BD1-8CDA-1E17816A33F9}.Debug|x64.Build.0 = Debug|Any CPU
		{DDC6BDCE-18CC-4BD1-8CDA-1E17816A33F9}.Debug|x86.ActiveCfg = Debug|Any CPU
		{DDC6BDCE-18CC-4BD1-8CDA-1E17816A33F9}.Debug|x86.Build.0 = Debug|Any CPU
		{DDC6BDCE-18CC-4BD1-8CDA-1E17816A33F9}.Release|Any CPU.ActiveCfg = Release|Any CPU
		{DDC6BDCE-18CC-4BD1-8CDA-1E17816A33F9}.Release|Any CPU.Build.0 = Release|Any CPU
		{DDC6BDCE-18CC-4BD1-8CDA-1E17816A33F9}.Release|x64.ActiveCfg = Release|Any CPU
		{DDC6BDCE-18CC-4BD1-8CDA-1E17816A33F9}.Release|x64.Build.0 = Release|Any CPU
		{DDC6BDCE-18CC-4BD1-8CDA-1E17816A33F9}.Release|x86.ActiveCfg = Release|Any CPU
		{DDC6BDCE-18CC-4BD1-8CDA-1E17816A33F9}.Release|x86.Build.0 = Release|Any CPU
	EndGlobalSection
	GlobalSection(SolutionProperties) = preSolution
		HideSolutionNode = FALSE
	EndGlobalSection
	GlobalSection(ExtensibilityGlobals) = postSolution
		SolutionGuid = {8B6999B0-92B4-4AA1-8DA7-4775CC5FFD26}
	EndGlobalSection
EndGlobal
