
Microsoft Visual Studio Solution File, Format Version 12.00
# Visual Studio Version 17
VisualStudioVersion = 17.2.32630.192
MinimumVisualStudioVersion = 10.0.40219.1
Project("{9A19103F-16F7-4668-BE54-9A1E7A4F7556}") = "RecipeExercise4", "RecipeExercise4.csproj", "{346FDEDB-6379-4444-AF8E-2C7CAA47B9C3}"
EndProject
Global
	GlobalSection(SolutionConfigurationPlatforms) = preSolution
		Debug|Any CPU = Debug|Any CPU
		Release|Any CPU = Release|Any CPU
	EndGlobalSection
	GlobalSection(ProjectConfigurationPlatforms) = postSolution
		{346FDEDB-6379-4444-AF8E-2C7CAA47B9C3}.Debug|Any CPU.ActiveCfg = Debug|Any CPU
		{346FDEDB-6379-4444-AF8E-2C7CAA47B9C3}.Debug|Any CPU.Build.0 = Debug|Any CPU
		{346FDEDB-6379-4444-AF8E-2C7CAA47B9C3}.Release|Any CPU.ActiveCfg = Release|Any CPU
		{346FDEDB-6379-4444-AF8E-2C7CAA47B9C3}.Release|Any CPU.Build.0 = Release|Any CPU
	EndGlobalSection
	GlobalSection(SolutionProperties) = preSolution
		HideSolutionNode = FALSE
	EndGlobalSection
	GlobalSection(ExtensibilityGlobals) = postSolution
		SolutionGuid = {7C0F85CB-CE51-4094-80E5-13CA8C3D0241}
	EndGlobalSection
EndGlobal
