
Microsoft Visual Studio Solution File, Format Version 12.00
# Visual Studio Version 17
VisualStudioVersion = 17.2.32630.192
MinimumVisualStudioVersion = 10.0.40219.1
Project("{FAE04EC0-301F-11D3-BF4B-00C04F79EFBC}") = "Server", "Server\Server.csproj", "{7FD02754-B711-4720-A51A-39A3E4C08539}"
EndProject
Project("{FAE04EC0-301F-11D3-BF4B-00C04F79EFBC}") = "Client_Ex4", "Client_Ex4\Client_Ex4.csproj", "{5AC192C6-A0E3-4754-88BD-BEE0D06B0DBB}"
EndProject
Global
	GlobalSection(SolutionConfigurationPlatforms) = preSolution
		Debug|Any CPU = Debug|Any CPU
		Release|Any CPU = Release|Any CPU
	EndGlobalSection
	GlobalSection(ProjectConfigurationPlatforms) = postSolution
		{7FD02754-B711-4720-A51A-39A3E4C08539}.Debug|Any CPU.ActiveCfg = Debug|Any CPU
		{7FD02754-B711-4720-A51A-39A3E4C08539}.Debug|Any CPU.Build.0 = Debug|Any CPU
		{7FD02754-B711-4720-A51A-39A3E4C08539}.Release|Any CPU.ActiveCfg = Release|Any CPU
		{7FD02754-B711-4720-A51A-39A3E4C08539}.Release|Any CPU.Build.0 = Release|Any CPU
		{5AC192C6-A0E3-4754-88BD-BEE0D06B0DBB}.Debug|Any CPU.ActiveCfg = Debug|Any CPU
		{5AC192C6-A0E3-4754-88BD-BEE0D06B0DBB}.Debug|Any CPU.Build.0 = Debug|Any CPU
		{5AC192C6-A0E3-4754-88BD-BEE0D06B0DBB}.Release|Any CPU.ActiveCfg = Release|Any CPU
		{5AC192C6-A0E3-4754-88BD-BEE0D06B0DBB}.Release|Any CPU.Build.0 = Release|Any CPU
	EndGlobalSection
	GlobalSection(SolutionProperties) = preSolution
		HideSolutionNode = FALSE
	EndGlobalSection
	GlobalSection(ExtensibilityGlobals) = postSolution
		SolutionGuid = {030161D5-D8B3-4298-8751-77108A49BD47}
	EndGlobalSection
EndGlobal
