
Microsoft Visual Studio Solution File, Format Version 12.00
# Visual Studio Version 17
VisualStudioVersion = 17.2.32630.192
MinimumVisualStudioVersion = 10.0.40219.1
Project("{9A19103F-16F7-4668-BE54-9A1E7A4F7556}") = "API", "API\API.csproj", "{7BCC40AA-8FBE-4E29-BC99-EBD3A157C240}"
EndProject
Project("{9A19103F-16F7-4668-BE54-9A1E7A4F7556}") = "Client_Ex4", "Client_Ex4\Client_Ex4.csproj", "{60E5E287-626E-498E-8638-BD3D28A05759}"
EndProject
Project("{2150E333-8FDC-42A3-9474-1A3956D46DE8}") = "Data", "Data", "{38301F58-1722-4A5E-8F61-FDE20D9CD74C}"
EndProject
Project("{9A19103F-16F7-4668-BE54-9A1E7A4F7556}") = "View", "Data\View\View.csproj", "{42A521D0-3759-4106-9D7C-1105FFE26FB4}"
EndProject
Project("{9A19103F-16F7-4668-BE54-9A1E7A4F7556}") = "View.Persistence", "Data\View.Persistence\View.Persistence.csproj", "{D60EBCC4-16F2-4CF6-8CEC-0DA824914F52}"
EndProject
Project("{9A19103F-16F7-4668-BE54-9A1E7A4F7556}") = "Recipe.Migration", "Recipe.Migration\Recipe.Migration.csproj", "{F63D96B6-1A89-4FCB-B7C9-6FDAFC5B34B4}"
EndProject
Project("{9A19103F-16F7-4668-BE54-9A1E7A4F7556}") = "recipeDatabaseDBSpecific", "Data\DatabaseSpecific\recipeDatabaseDBSpecific.csproj", "{8014667F-152F-4643-8F7C-85FCF13706B5}"
EndProject
Project("{9A19103F-16F7-4668-BE54-9A1E7A4F7556}") = "recipeDatabase", "Data\DatabaseGeneric\recipeDatabase.csproj", "{56BEF5A6-D8BB-4B6E-AD59-54CD1C908BA9}"
EndProject
Global
	GlobalSection(SolutionConfigurationPlatforms) = preSolution
		Debug|Any CPU = Debug|Any CPU
		Release|Any CPU = Release|Any CPU
	EndGlobalSection
	GlobalSection(ProjectConfigurationPlatforms) = postSolution
		{7BCC40AA-8FBE-4E29-BC99-EBD3A157C240}.Debug|Any CPU.ActiveCfg = Debug|Any CPU
		{7BCC40AA-8FBE-4E29-BC99-EBD3A157C240}.Debug|Any CPU.Build.0 = Debug|Any CPU
		{7BCC40AA-8FBE-4E29-BC99-EBD3A157C240}.Release|Any CPU.ActiveCfg = Release|Any CPU
		{7BCC40AA-8FBE-4E29-BC99-EBD3A157C240}.Release|Any CPU.Build.0 = Release|Any CPU
		{60E5E287-626E-498E-8638-BD3D28A05759}.Debug|Any CPU.ActiveCfg = Debug|Any CPU
		{60E5E287-626E-498E-8638-BD3D28A05759}.Debug|Any CPU.Build.0 = Debug|Any CPU
		{60E5E287-626E-498E-8638-BD3D28A05759}.Release|Any CPU.ActiveCfg = Release|Any CPU
		{60E5E287-626E-498E-8638-BD3D28A05759}.Release|Any CPU.Build.0 = Release|Any CPU
		{42A521D0-3759-4106-9D7C-1105FFE26FB4}.Debug|Any CPU.ActiveCfg = Debug|Any CPU
		{42A521D0-3759-4106-9D7C-1105FFE26FB4}.Debug|Any CPU.Build.0 = Debug|Any CPU
		{42A521D0-3759-4106-9D7C-1105FFE26FB4}.Release|Any CPU.ActiveCfg = Release|Any CPU
		{42A521D0-3759-4106-9D7C-1105FFE26FB4}.Release|Any CPU.Build.0 = Release|Any CPU
		{D60EBCC4-16F2-4CF6-8CEC-0DA824914F52}.Debug|Any CPU.ActiveCfg = Debug|Any CPU
		{D60EBCC4-16F2-4CF6-8CEC-0DA824914F52}.Debug|Any CPU.Build.0 = Debug|Any CPU
		{D60EBCC4-16F2-4CF6-8CEC-0DA824914F52}.Release|Any CPU.ActiveCfg = Release|Any CPU
		{D60EBCC4-16F2-4CF6-8CEC-0DA824914F52}.Release|Any CPU.Build.0 = Release|Any CPU
		{F63D96B6-1A89-4FCB-B7C9-6FDAFC5B34B4}.Debug|Any CPU.ActiveCfg = Debug|Any CPU
		{F63D96B6-1A89-4FCB-B7C9-6FDAFC5B34B4}.Debug|Any CPU.Build.0 = Debug|Any CPU
		{F63D96B6-1A89-4FCB-B7C9-6FDAFC5B34B4}.Release|Any CPU.ActiveCfg = Release|Any CPU
		{F63D96B6-1A89-4FCB-B7C9-6FDAFC5B34B4}.Release|Any CPU.Build.0 = Release|Any CPU
		{8014667F-152F-4643-8F7C-85FCF13706B5}.Debug|Any CPU.ActiveCfg = Debug|Any CPU
		{8014667F-152F-4643-8F7C-85FCF13706B5}.Debug|Any CPU.Build.0 = Debug|Any CPU
		{8014667F-152F-4643-8F7C-85FCF13706B5}.Release|Any CPU.ActiveCfg = Release|Any CPU
		{8014667F-152F-4643-8F7C-85FCF13706B5}.Release|Any CPU.Build.0 = Release|Any CPU
		{56BEF5A6-D8BB-4B6E-AD59-54CD1C908BA9}.Debug|Any CPU.ActiveCfg = Debug|Any CPU
		{56BEF5A6-D8BB-4B6E-AD59-54CD1C908BA9}.Debug|Any CPU.Build.0 = Debug|Any CPU
		{56BEF5A6-D8BB-4B6E-AD59-54CD1C908BA9}.Release|Any CPU.ActiveCfg = Release|Any CPU
		{56BEF5A6-D8BB-4B6E-AD59-54CD1C908BA9}.Release|Any CPU.Build.0 = Release|Any CPU
	EndGlobalSection
	GlobalSection(SolutionProperties) = preSolution
		HideSolutionNode = FALSE
	EndGlobalSection
	GlobalSection(NestedProjects) = preSolution
		{42A521D0-3759-4106-9D7C-1105FFE26FB4} = {38301F58-1722-4A5E-8F61-FDE20D9CD74C}
		{D60EBCC4-16F2-4CF6-8CEC-0DA824914F52} = {38301F58-1722-4A5E-8F61-FDE20D9CD74C}
		{8014667F-152F-4643-8F7C-85FCF13706B5} = {38301F58-1722-4A5E-8F61-FDE20D9CD74C}
		{56BEF5A6-D8BB-4B6E-AD59-54CD1C908BA9} = {38301F58-1722-4A5E-8F61-FDE20D9CD74C}
	EndGlobalSection
	GlobalSection(ExtensibilityGlobals) = postSolution
		SolutionGuid = {33381208-0971-413E-B197-5D5E314B7331}
	EndGlobalSection
EndGlobal
