
Microsoft Visual Studio Solution File, Format Version 12.00
# Visual Studio Version 17
VisualStudioVersion = 17.2.32630.192
MinimumVisualStudioVersion = 10.0.40219.1
Project("{9A19103F-16F7-4668-BE54-9A1E7A4F7556}") = "RecipesDB", "RecipesDB\RecipesDB.csproj", "{9449B3D3-7DD8-489B-A812-582E23BBEA79}"
EndProject
Project("{9A19103F-16F7-4668-BE54-9A1E7A4F7556}") = "API", "API\API.csproj", "{7BCC40AA-8FBE-4E29-BC99-EBD3A157C240}"
EndProject
Project("{9A19103F-16F7-4668-BE54-9A1E7A4F7556}") = "recipesApp.Model", "Code\Model\recipesApp.Model.csproj", "{E678C5EF-D623-4A15-8E1F-C2D9AB156C82}"
EndProject
Project("{9A19103F-16F7-4668-BE54-9A1E7A4F7556}") = "recipesApp.Persistence", "Code\Persistence\recipesApp.Persistence.csproj", "{F4DD67C9-1522-475B-81ED-842D8A37214E}"
EndProject
Project("{9A19103F-16F7-4668-BE54-9A1E7A4F7556}") = "View", "Code\View\View.csproj", "{208B3356-5D1C-46B8-9B5F-79DE2B113593}"
EndProject
Project("{9A19103F-16F7-4668-BE54-9A1E7A4F7556}") = "View.Persistence", "Code\View.Persistence\View.Persistence.csproj", "{A30E4066-3CB8-44C1-B544-226381F9A2E7}"
EndProject
Project("{2150E333-8FDC-42A3-9474-1A3956D46DE8}") = "Data", "Data", "{757B32FB-03DA-4918-AE7F-7D4EDFBDD2DF}"
EndProject
Project("{9A19103F-16F7-4668-BE54-9A1E7A4F7556}") = "Client_Ex4", "Client_Ex4\Client_Ex4.csproj", "{60E5E287-626E-498E-8638-BD3D28A05759}"
EndProject
Global
	GlobalSection(SolutionConfigurationPlatforms) = preSolution
		Debug|Any CPU = Debug|Any CPU
		Release|Any CPU = Release|Any CPU
	EndGlobalSection
	GlobalSection(ProjectConfigurationPlatforms) = postSolution
		{9449B3D3-7DD8-489B-A812-582E23BBEA79}.Debug|Any CPU.ActiveCfg = Debug|Any CPU
		{9449B3D3-7DD8-489B-A812-582E23BBEA79}.Debug|Any CPU.Build.0 = Debug|Any CPU
		{9449B3D3-7DD8-489B-A812-582E23BBEA79}.Release|Any CPU.ActiveCfg = Release|Any CPU
		{9449B3D3-7DD8-489B-A812-582E23BBEA79}.Release|Any CPU.Build.0 = Release|Any CPU
		{7BCC40AA-8FBE-4E29-BC99-EBD3A157C240}.Debug|Any CPU.ActiveCfg = Debug|Any CPU
		{7BCC40AA-8FBE-4E29-BC99-EBD3A157C240}.Debug|Any CPU.Build.0 = Debug|Any CPU
		{7BCC40AA-8FBE-4E29-BC99-EBD3A157C240}.Release|Any CPU.ActiveCfg = Release|Any CPU
		{7BCC40AA-8FBE-4E29-BC99-EBD3A157C240}.Release|Any CPU.Build.0 = Release|Any CPU
		{E678C5EF-D623-4A15-8E1F-C2D9AB156C82}.Debug|Any CPU.ActiveCfg = Debug|Any CPU
		{E678C5EF-D623-4A15-8E1F-C2D9AB156C82}.Debug|Any CPU.Build.0 = Debug|Any CPU
		{E678C5EF-D623-4A15-8E1F-C2D9AB156C82}.Release|Any CPU.ActiveCfg = Release|Any CPU
		{E678C5EF-D623-4A15-8E1F-C2D9AB156C82}.Release|Any CPU.Build.0 = Release|Any CPU
		{F4DD67C9-1522-475B-81ED-842D8A37214E}.Debug|Any CPU.ActiveCfg = Debug|Any CPU
		{F4DD67C9-1522-475B-81ED-842D8A37214E}.Debug|Any CPU.Build.0 = Debug|Any CPU
		{F4DD67C9-1522-475B-81ED-842D8A37214E}.Release|Any CPU.ActiveCfg = Release|Any CPU
		{F4DD67C9-1522-475B-81ED-842D8A37214E}.Release|Any CPU.Build.0 = Release|Any CPU
		{208B3356-5D1C-46B8-9B5F-79DE2B113593}.Debug|Any CPU.ActiveCfg = Debug|Any CPU
		{208B3356-5D1C-46B8-9B5F-79DE2B113593}.Debug|Any CPU.Build.0 = Debug|Any CPU
		{208B3356-5D1C-46B8-9B5F-79DE2B113593}.Release|Any CPU.ActiveCfg = Release|Any CPU
		{208B3356-5D1C-46B8-9B5F-79DE2B113593}.Release|Any CPU.Build.0 = Release|Any CPU
		{A30E4066-3CB8-44C1-B544-226381F9A2E7}.Debug|Any CPU.ActiveCfg = Debug|Any CPU
		{A30E4066-3CB8-44C1-B544-226381F9A2E7}.Debug|Any CPU.Build.0 = Debug|Any CPU
		{A30E4066-3CB8-44C1-B544-226381F9A2E7}.Release|Any CPU.ActiveCfg = Release|Any CPU
		{A30E4066-3CB8-44C1-B544-226381F9A2E7}.Release|Any CPU.Build.0 = Release|Any CPU
		{60E5E287-626E-498E-8638-BD3D28A05759}.Debug|Any CPU.ActiveCfg = Debug|Any CPU
		{60E5E287-626E-498E-8638-BD3D28A05759}.Debug|Any CPU.Build.0 = Debug|Any CPU
		{60E5E287-626E-498E-8638-BD3D28A05759}.Release|Any CPU.ActiveCfg = Release|Any CPU
		{60E5E287-626E-498E-8638-BD3D28A05759}.Release|Any CPU.Build.0 = Release|Any CPU
	EndGlobalSection
	GlobalSection(SolutionProperties) = preSolution
		HideSolutionNode = FALSE
	EndGlobalSection
	GlobalSection(NestedProjects) = preSolution
		{E678C5EF-D623-4A15-8E1F-C2D9AB156C82} = {757B32FB-03DA-4918-AE7F-7D4EDFBDD2DF}
		{F4DD67C9-1522-475B-81ED-842D8A37214E} = {757B32FB-03DA-4918-AE7F-7D4EDFBDD2DF}
		{208B3356-5D1C-46B8-9B5F-79DE2B113593} = {757B32FB-03DA-4918-AE7F-7D4EDFBDD2DF}
		{A30E4066-3CB8-44C1-B544-226381F9A2E7} = {757B32FB-03DA-4918-AE7F-7D4EDFBDD2DF}
	EndGlobalSection
	GlobalSection(ExtensibilityGlobals) = postSolution
		SolutionGuid = {33381208-0971-413E-B197-5D5E314B7331}
	EndGlobalSection
EndGlobal
